// !$*UTF8*$!
{
	archiveVersion = 1;
	classes = {
	};
	objectVersion = 50;
	objects = {

/* Begin PBXBuildFile section */
		180F027A208DC65700DF3C12 /* LPInputModel.swift in Sources */ = {isa = PBXBuildFile; fileRef = 180F0279208DC65700DF3C12 /* LPInputModel.swift */; };
		180F027C208DC73500DF3C12 /* LPInputView.swift in Sources */ = {isa = PBXBuildFile; fileRef = 180F027B208DC73500DF3C12 /* LPInputView.swift */; };
		180F027E208DC74100DF3C12 /* LPInputToolBar.swift in Sources */ = {isa = PBXBuildFile; fileRef = 180F027D208DC74100DF3C12 /* LPInputToolBar.swift */; };
		180F0280208DC95C00DF3C12 /* LPInputProtocol.swift in Sources */ = {isa = PBXBuildFile; fileRef = 180F027F208DC95C00DF3C12 /* LPInputProtocol.swift */; };
		18BBBC2E209972B5008D4464 /* LPRecordButton.swift in Sources */ = {isa = PBXBuildFile; fileRef = 18BBBC2D209972B5008D4464 /* LPRecordButton.swift */; };
		18D57CB620B6874600E2F238 /* UIApplication+LPKit.swift in Sources */ = {isa = PBXBuildFile; fileRef = 18D57CB520B6874600E2F238 /* UIApplication+LPKit.swift */; };
		18D57CBB20B6877800E2F238 /* LPKeyboardModel.swift in Sources */ = {isa = PBXBuildFile; fileRef = 18D57CB920B6877800E2F238 /* LPKeyboardModel.swift */; };
		18D57CBF20B6928100E2F238 /* LPKeyboardManager.swift in Sources */ = {isa = PBXBuildFile; fileRef = 18D57CBE20B6928100E2F238 /* LPKeyboardManager.swift */; };
		18FA9CE220BBB1250056BAF4 /* LPTextAttachment.swift in Sources */ = {isa = PBXBuildFile; fileRef = 18FA9CD520BBB1250056BAF4 /* LPTextAttachment.swift */; };
		18FA9CE320BBB1250056BAF4 /* LPAtTextView.swift in Sources */ = {isa = PBXBuildFile; fileRef = 18FA9CD620BBB1250056BAF4 /* LPAtTextView.swift */; };
		18FA9CE420BBB1250056BAF4 /* NSAttributedStringKey+LPTextView.swift in Sources */ = {isa = PBXBuildFile; fileRef = 18FA9CD820BBB1250056BAF4 /* NSAttributedStringKey+LPTextView.swift */; };
		18FA9CE520BBB1250056BAF4 /* UIPasteboard+LPTextView.swift in Sources */ = {isa = PBXBuildFile; fileRef = 18FA9CD920BBB1250056BAF4 /* UIPasteboard+LPTextView.swift */; };
		18FA9CE620BBB1250056BAF4 /* LPTextView+Pasteboard.swift in Sources */ = {isa = PBXBuildFile; fileRef = 18FA9CDA20BBB1250056BAF4 /* LPTextView+Pasteboard.swift */; };
		18FA9CE720BBB1250056BAF4 /* NSAttributedString+LPTextView.swift in Sources */ = {isa = PBXBuildFile; fileRef = 18FA9CDB20BBB1250056BAF4 /* NSAttributedString+LPTextView.swift */; };
		18FA9CE820BBB1250056BAF4 /* LPModels.swift in Sources */ = {isa = PBXBuildFile; fileRef = 18FA9CDC20BBB1250056BAF4 /* LPModels.swift */; };
		18FA9CE920BBB1250056BAF4 /* LPTextViewDelegate.swift in Sources */ = {isa = PBXBuildFile; fileRef = 18FA9CDD20BBB1250056BAF4 /* LPTextViewDelegate.swift */; };
		18FA9CEA20BBB1250056BAF4 /* LPEmotionTextView.swift in Sources */ = {isa = PBXBuildFile; fileRef = 18FA9CDE20BBB1250056BAF4 /* LPEmotionTextView.swift */; };
		18FA9CEB20BBB1250056BAF4 /* LPPlaceholderTextView.swift in Sources */ = {isa = PBXBuildFile; fileRef = 18FA9CDF20BBB1250056BAF4 /* LPPlaceholderTextView.swift */; };
		18FA9CEC20BBB1250056BAF4 /* LPStretchyTextView.swift in Sources */ = {isa = PBXBuildFile; fileRef = 18FA9CE020BBB1250056BAF4 /* LPStretchyTextView.swift */; };
/* End PBXBuildFile section */

/* Begin PBXFileReference section */
		180F0253208DB1F300DF3C12 /* LPInputView.framework */ = {isa = PBXFileReference; explicitFileType = wrapper.framework; includeInIndex = 0; path = LPInputView.framework; sourceTree = BUILT_PRODUCTS_DIR; };
		180F0257208DB1F300DF3C12 /* Info.plist */ = {isa = PBXFileReference; lastKnownFileType = text.plist.xml; path = Info.plist; sourceTree = "<group>"; };
		180F0279208DC65700DF3C12 /* LPInputModel.swift */ = {isa = PBXFileReference; lastKnownFileType = sourcecode.swift; path = LPInputModel.swift; sourceTree = "<group>"; };
		180F027B208DC73500DF3C12 /* LPInputView.swift */ = {isa = PBXFileReference; lastKnownFileType = sourcecode.swift; path = LPInputView.swift; sourceTree = "<group>"; };
		180F027D208DC74100DF3C12 /* LPInputToolBar.swift */ = {isa = PBXFileReference; lastKnownFileType = sourcecode.swift; path = LPInputToolBar.swift; sourceTree = "<group>"; };
		180F027F208DC95C00DF3C12 /* LPInputProtocol.swift */ = {isa = PBXFileReference; lastKnownFileType = sourcecode.swift; path = LPInputProtocol.swift; sourceTree = "<group>"; };
		18BBBC2D209972B5008D4464 /* LPRecordButton.swift */ = {isa = PBXFileReference; lastKnownFileType = sourcecode.swift; path = LPRecordButton.swift; sourceTree = "<group>"; };
		18D57CB520B6874600E2F238 /* UIApplication+LPKit.swift */ = {isa = PBXFileReference; fileEncoding = 4; lastKnownFileType = sourcecode.swift; path = "UIApplication+LPKit.swift"; sourceTree = "<group>"; };
		18D57CB920B6877800E2F238 /* LPKeyboardModel.swift */ = {isa = PBXFileReference; fileEncoding = 4; lastKnownFileType = sourcecode.swift; path = LPKeyboardModel.swift; sourceTree = "<group>"; };
		18D57CBE20B6928100E2F238 /* LPKeyboardManager.swift */ = {isa = PBXFileReference; fileEncoding = 4; lastKnownFileType = sourcecode.swift; path = LPKeyboardManager.swift; sourceTree = "<group>"; };
		18FA9CD520BBB1250056BAF4 /* LPTextAttachment.swift */ = {isa = PBXFileReference; fileEncoding = 4; lastKnownFileType = sourcecode.swift; path = LPTextAttachment.swift; sourceTree = "<group>"; };
		18FA9CD620BBB1250056BAF4 /* LPAtTextView.swift */ = {isa = PBXFileReference; fileEncoding = 4; lastKnownFileType = sourcecode.swift; path = LPAtTextView.swift; sourceTree = "<group>"; };
		18FA9CD820BBB1250056BAF4 /* NSAttributedStringKey+LPTextView.swift */ = {isa = PBXFileReference; fileEncoding = 4; lastKnownFileType = sourcecode.swift; path = "NSAttributedStringKey+LPTextView.swift"; sourceTree = "<group>"; };
		18FA9CD920BBB1250056BAF4 /* UIPasteboard+LPTextView.swift */ = {isa = PBXFileReference; fileEncoding = 4; lastKnownFileType = sourcecode.swift; path = "UIPasteboard+LPTextView.swift"; sourceTree = "<group>"; };
		18FA9CDA20BBB1250056BAF4 /* LPTextView+Pasteboard.swift */ = {isa = PBXFileReference; fileEncoding = 4; lastKnownFileType = sourcecode.swift; path = "LPTextView+Pasteboard.swift"; sourceTree = "<group>"; };
		18FA9CDB20BBB1250056BAF4 /* NSAttributedString+LPTextView.swift */ = {isa = PBXFileReference; fileEncoding = 4; lastKnownFileType = sourcecode.swift; path = "NSAttributedString+LPTextView.swift"; sourceTree = "<group>"; };
		18FA9CDC20BBB1250056BAF4 /* LPModels.swift */ = {isa = PBXFileReference; fileEncoding = 4; lastKnownFileType = sourcecode.swift; path = LPModels.swift; sourceTree = "<group>"; };
		18FA9CDD20BBB1250056BAF4 /* LPTextViewDelegate.swift */ = {isa = PBXFileReference; fileEncoding = 4; lastKnownFileType = sourcecode.swift; path = LPTextViewDelegate.swift; sourceTree = "<group>"; };
		18FA9CDE20BBB1250056BAF4 /* LPEmotionTextView.swift */ = {isa = PBXFileReference; fileEncoding = 4; lastKnownFileType = sourcecode.swift; path = LPEmotionTextView.swift; sourceTree = "<group>"; };
		18FA9CDF20BBB1250056BAF4 /* LPPlaceholderTextView.swift */ = {isa = PBXFileReference; fileEncoding = 4; lastKnownFileType = sourcecode.swift; path = LPPlaceholderTextView.swift; sourceTree = "<group>"; };
		18FA9CE020BBB1250056BAF4 /* LPStretchyTextView.swift */ = {isa = PBXFileReference; fileEncoding = 4; lastKnownFileType = sourcecode.swift; path = LPStretchyTextView.swift; sourceTree = "<group>"; };
/* End PBXFileReference section */

/* Begin PBXFrameworksBuildPhase section */
		180F024F208DB1F300DF3C12 /* Frameworks */ = {
			isa = PBXFrameworksBuildPhase;
			buildActionMask = 2147483647;
			files = (
			);
			runOnlyForDeploymentPostprocessing = 0;
		};
/* End PBXFrameworksBuildPhase section */

/* Begin PBXGroup section */
		180F0249208DB1F300DF3C12 = {
			isa = PBXGroup;
			children = (
				180F0255208DB1F300DF3C12 /* Sources */,
				180F0254208DB1F300DF3C12 /* Products */,
			);
			sourceTree = "<group>";
		};
		180F0254208DB1F300DF3C12 /* Products */ = {
			isa = PBXGroup;
			children = (
				180F0253208DB1F300DF3C12 /* LPInputView.framework */,
			);
			name = Products;
			sourceTree = "<group>";
		};
		180F0255208DB1F300DF3C12 /* Sources */ = {
			isa = PBXGroup;
			children = (
				18D57CB420B6871A00E2F238 /* LPKit */,
				180F027B208DC73500DF3C12 /* LPInputView.swift */,
				180F027D208DC74100DF3C12 /* LPInputToolBar.swift */,
				180F0279208DC65700DF3C12 /* LPInputModel.swift */,
				180F027F208DC95C00DF3C12 /* LPInputProtocol.swift */,
				18BBBC2D209972B5008D4464 /* LPRecordButton.swift */,
				180F0257208DB1F300DF3C12 /* Info.plist */,
			);
			path = Sources;
			sourceTree = "<group>";
		};
		18D57CB420B6871A00E2F238 /* LPKit */ = {
			isa = PBXGroup;
			children = (
				18D57CB520B6874600E2F238 /* UIApplication+LPKit.swift */,
				18FA9CD420BBB1250056BAF4 /* LPTextView */,
				18D57CB720B6876800E2F238 /* LPKeyboardManager */,
			);
			path = LPKit;
			sourceTree = "<group>";
		};
		18D57CB720B6876800E2F238 /* LPKeyboardManager */ = {
			isa = PBXGroup;
			children = (
				18D57CBE20B6928100E2F238 /* LPKeyboardManager.swift */,
				18D57CB920B6877800E2F238 /* LPKeyboardModel.swift */,
			);
			path = LPKeyboardManager;
			sourceTree = "<group>";
		};
		18FA9CD420BBB1250056BAF4 /* LPTextView */ = {
			isa = PBXGroup;
			children = (
				18FA9CDF20BBB1250056BAF4 /* LPPlaceholderTextView.swift */,
				18FA9CE020BBB1250056BAF4 /* LPStretchyTextView.swift */,
				18FA9CDE20BBB1250056BAF4 /* LPEmotionTextView.swift */,
				18FA9CD620BBB1250056BAF4 /* LPAtTextView.swift */,
				18FA9CDD20BBB1250056BAF4 /* LPTextViewDelegate.swift */,
				18FA9CD520BBB1250056BAF4 /* LPTextAttachment.swift */,
				18FA9CDC20BBB1250056BAF4 /* LPModels.swift */,
				18FA9CD720BBB1250056BAF4 /* Extensions */,
			);
			path = LPTextView;
			sourceTree = "<group>";
		};
		18FA9CD720BBB1250056BAF4 /* Extensions */ = {
			isa = PBXGroup;
			children = (
				18FA9CD820BBB1250056BAF4 /* NSAttributedStringKey+LPTextView.swift */,
				18FA9CD920BBB1250056BAF4 /* UIPasteboard+LPTextView.swift */,
				18FA9CDA20BBB1250056BAF4 /* LPTextView+Pasteboard.swift */,
				18FA9CDB20BBB1250056BAF4 /* NSAttributedString+LPTextView.swift */,
			);
			path = Extensions;
			sourceTree = "<group>";
		};
/* End PBXGroup section */

/* Begin PBXHeadersBuildPhase section */
		180F0250208DB1F300DF3C12 /* Headers */ = {
			isa = PBXHeadersBuildPhase;
			buildActionMask = 2147483647;
			files = (
			);
			runOnlyForDeploymentPostprocessing = 0;
		};
/* End PBXHeadersBuildPhase section */

/* Begin PBXNativeTarget section */
		180F0252208DB1F300DF3C12 /* LPInputView */ = {
			isa = PBXNativeTarget;
			buildConfigurationList = 180F025B208DB1F300DF3C12 /* Build configuration list for PBXNativeTarget "LPInputView" */;
			buildPhases = (
				180F024E208DB1F300DF3C12 /* Sources */,
				180F024F208DB1F300DF3C12 /* Frameworks */,
				180F0250208DB1F300DF3C12 /* Headers */,
				180F0251208DB1F300DF3C12 /* Resources */,
			);
			buildRules = (
			);
			dependencies = (
			);
			name = LPInputView;
			productName = LPInputView;
			productReference = 180F0253208DB1F300DF3C12 /* LPInputView.framework */;
			productType = "com.apple.product-type.framework";
		};
/* End PBXNativeTarget section */

/* Begin PBXProject section */
		180F024A208DB1F300DF3C12 /* Project object */ = {
			isa = PBXProject;
			attributes = {
				LastUpgradeCheck = 0930;
				ORGANIZATIONNAME = pengli;
				TargetAttributes = {
					180F0252208DB1F300DF3C12 = {
						CreatedOnToolsVersion = 9.3;
						LastSwiftMigration = 1130;
					};
				};
			};
			buildConfigurationList = 180F024D208DB1F300DF3C12 /* Build configuration list for PBXProject "LPInputView" */;
			compatibilityVersion = "Xcode 9.3";
			developmentRegion = en;
			hasScannedForEncodings = 0;
			knownRegions = (
				en,
				Base,
			);
			mainGroup = 180F0249208DB1F300DF3C12;
			productRefGroup = 180F0254208DB1F300DF3C12 /* Products */;
			projectDirPath = "";
			projectRoot = "";
			targets = (
				180F0252208DB1F300DF3C12 /* LPInputView */,
			);
		};
/* End PBXProject section */

/* Begin PBXResourcesBuildPhase section */
		180F0251208DB1F300DF3C12 /* Resources */ = {
			isa = PBXResourcesBuildPhase;
			buildActionMask = 2147483647;
			files = (
			);
			runOnlyForDeploymentPostprocessing = 0;
		};
/* End PBXResourcesBuildPhase section */

/* Begin PBXSourcesBuildPhase section */
		180F024E208DB1F300DF3C12 /* Sources */ = {
			isa = PBXSourcesBuildPhase;
			buildActionMask = 2147483647;
			files = (
				18D57CBB20B6877800E2F238 /* LPKeyboardModel.swift in Sources */,
				18D57CB620B6874600E2F238 /* UIApplication+LPKit.swift in Sources */,
				18FA9CE920BBB1250056BAF4 /* LPTextViewDelegate.swift in Sources */,
				18FA9CE620BBB1250056BAF4 /* LPTextView+Pasteboard.swift in Sources */,
				18FA9CE320BBB1250056BAF4 /* LPAtTextView.swift in Sources */,
				180F0280208DC95C00DF3C12 /* LPInputProtocol.swift in Sources */,
				18FA9CEB20BBB1250056BAF4 /* LPPlaceholderTextView.swift in Sources */,
				18FA9CE220BBB1250056BAF4 /* LPTextAttachment.swift in Sources */,
				18FA9CE520BBB1250056BAF4 /* UIPasteboard+LPTextView.swift in Sources */,
				18BBBC2E209972B5008D4464 /* LPRecordButton.swift in Sources */,
				180F027C208DC73500DF3C12 /* LPInputView.swift in Sources */,
				18FA9CE820BBB1250056BAF4 /* LPModels.swift in Sources */,
				18FA9CEA20BBB1250056BAF4 /* LPEmotionTextView.swift in Sources */,
				18D57CBF20B6928100E2F238 /* LPKeyboardManager.swift in Sources */,
				18FA9CE420BBB1250056BAF4 /* NSAttributedStringKey+LPTextView.swift in Sources */,
				180F027A208DC65700DF3C12 /* LPInputModel.swift in Sources */,
				18FA9CEC20BBB1250056BAF4 /* LPStretchyTextView.swift in Sources */,
				18FA9CE720BBB1250056BAF4 /* NSAttributedString+LPTextView.swift in Sources */,
				180F027E208DC74100DF3C12 /* LPInputToolBar.swift in Sources */,
			);
			runOnlyForDeploymentPostprocessing = 0;
		};
/* End PBXSourcesBuildPhase section */

/* Begin XCBuildConfiguration section */
		180F0259208DB1F300DF3C12 /* Debug */ = {
			isa = XCBuildConfiguration;
			buildSettings = {
				ALWAYS_SEARCH_USER_PATHS = NO;
				CLANG_ANALYZER_NONNULL = YES;
				CLANG_ANALYZER_NUMBER_OBJECT_CONVERSION = YES_AGGRESSIVE;
				CLANG_CXX_LANGUAGE_STANDARD = "gnu++14";
				CLANG_CXX_LIBRARY = "libc++";
				CLANG_ENABLE_MODULES = YES;
				CLANG_ENABLE_OBJC_ARC = YES;
				CLANG_ENABLE_OBJC_WEAK = YES;
				CLANG_WARN_BLOCK_CAPTURE_AUTORELEASING = YES;
				CLANG_WARN_BOOL_CONVERSION = YES;
				CLANG_WARN_COMMA = YES;
				CLANG_WARN_CONSTANT_CONVERSION = YES;
				CLANG_WARN_DEPRECATED_OBJC_IMPLEMENTATIONS = YES;
				CLANG_WARN_DIRECT_OBJC_ISA_USAGE = YES_ERROR;
				CLANG_WARN_DOCUMENTATION_COMMENTS = YES;
				CLANG_WARN_EMPTY_BODY = YES;
				CLANG_WARN_ENUM_CONVERSION = YES;
				CLANG_WARN_INFINITE_RECURSION = YES;
				CLANG_WARN_INT_CONVERSION = YES;
				CLANG_WARN_NON_LITERAL_NULL_CONVERSION = YES;
				CLANG_WARN_OBJC_IMPLICIT_RETAIN_SELF = YES;
				CLANG_WARN_OBJC_LITERAL_CONVERSION = YES;
				CLANG_WARN_OBJC_ROOT_CLASS = YES_ERROR;
				CLANG_WARN_RANGE_LOOP_ANALYSIS = YES;
				CLANG_WARN_STRICT_PROTOTYPES = YES;
				CLANG_WARN_SUSPICIOUS_MOVE = YES;
				CLANG_WARN_UNGUARDED_AVAILABILITY = YES_AGGRESSIVE;
				CLANG_WARN_UNREACHABLE_CODE = YES;
				CLANG_WARN__DUPLICATE_METHOD_MATCH = YES;
				CODE_SIGN_IDENTITY = "iPhone Developer";
				COPY_PHASE_STRIP = NO;
				CURRENT_PROJECT_VERSION = 1;
				DEBUG_INFORMATION_FORMAT = dwarf;
				ENABLE_STRICT_OBJC_MSGSEND = YES;
				ENABLE_TESTABILITY = YES;
				GCC_C_LANGUAGE_STANDARD = gnu11;
				GCC_DYNAMIC_NO_PIC = NO;
				GCC_NO_COMMON_BLOCKS = YES;
				GCC_OPTIMIZATION_LEVEL = 0;
				GCC_PREPROCESSOR_DEFINITIONS = (
					"DEBUG=1",
					"$(inherited)",
				);
				GCC_WARN_64_TO_32_BIT_CONVERSION = YES;
				GCC_WARN_ABOUT_RETURN_TYPE = YES_ERROR;
				GCC_WARN_UNDECLARED_SELECTOR = YES;
				GCC_WARN_UNINITIALIZED_AUTOS = YES_AGGRESSIVE;
				GCC_WARN_UNUSED_FUNCTION = YES;
				GCC_WARN_UNUSED_VARIABLE = YES;
				IPHONEOS_DEPLOYMENT_TARGET = 11.3;
				MTL_ENABLE_DEBUG_INFO = YES;
				ONLY_ACTIVE_ARCH = YES;
				SDKROOT = iphoneos;
				SWIFT_ACTIVE_COMPILATION_CONDITIONS = DEBUG;
				SWIFT_OPTIMIZATION_LEVEL = "-Onone";
				VERSIONING_SYSTEM = "apple-generic";
				VERSION_INFO_PREFIX = "";
			};
			name = Debug;
		};
		180F025A208DB1F300DF3C12 /* Release */ = {
			isa = XCBuildConfiguration;
			buildSettings = {
				ALWAYS_SEARCH_USER_PATHS = NO;
				CLANG_ANALYZER_NONNULL = YES;
				CLANG_ANALYZER_NUMBER_OBJECT_CONVERSION = YES_AGGRESSIVE;
				CLANG_CXX_LANGUAGE_STANDARD = "gnu++14";
				CLANG_CXX_LIBRARY = "libc++";
				CLANG_ENABLE_MODULES = YES;
				CLANG_ENABLE_OBJC_ARC = YES;
				CLANG_ENABLE_OBJC_WEAK = YES;
				CLANG_WARN_BLOCK_CAPTURE_AUTORELEASING = YES;
				CLANG_WARN_BOOL_CONVERSION = YES;
				CLANG_WARN_COMMA = YES;
				CLANG_WARN_CONSTANT_CONVERSION = YES;
				CLANG_WARN_DEPRECATED_OBJC_IMPLEMENTATIONS = YES;
				CLANG_WARN_DIRECT_OBJC_ISA_USAGE = YES_ERROR;
				CLANG_WARN_DOCUMENTATION_COMMENTS = YES;
				CLANG_WARN_EMPTY_BODY = YES;
				CLANG_WARN_ENUM_CONVERSION = YES;
				CLANG_WARN_INFINITE_RECURSION = YES;
				CLANG_WARN_INT_CONVERSION = YES;
				CLANG_WARN_NON_LITERAL_NULL_CONVERSION = YES;
				CLANG_WARN_OBJC_IMPLICIT_RETAIN_SELF = YES;
				CLANG_WARN_OBJC_LITERAL_CONVERSION = YES;
				CLANG_WARN_OBJC_ROOT_CLASS = YES_ERROR;
				CLANG_WARN_RANGE_LOOP_ANALYSIS = YES;
				CLANG_WARN_STRICT_PROTOTYPES = YES;
				CLANG_WARN_SUSPICIOUS_MOVE = YES;
				CLANG_WARN_UNGUARDED_AVAILABILITY = YES_AGGRESSIVE;
				CLANG_WARN_UNREACHABLE_CODE = YES;
				CLANG_WARN__DUPLICATE_METHOD_MATCH = YES;
				CODE_SIGN_IDENTITY = "iPhone Developer";
				COPY_PHASE_STRIP = NO;
				CURRENT_PROJECT_VERSION = 1;
				DEBUG_INFORMATION_FORMAT = "dwarf-with-dsym";
				ENABLE_NS_ASSERTIONS = NO;
				ENABLE_STRICT_OBJC_MSGSEND = YES;
				GCC_C_LANGUAGE_STANDARD = gnu11;
				GCC_NO_COMMON_BLOCKS = YES;
				GCC_WARN_64_TO_32_BIT_CONVERSION = YES;
				GCC_WARN_ABOUT_RETURN_TYPE = YES_ERROR;
				GCC_WARN_UNDECLARED_SELECTOR = YES;
				GCC_WARN_UNINITIALIZED_AUTOS = YES_AGGRESSIVE;
				GCC_WARN_UNUSED_FUNCTION = YES;
				GCC_WARN_UNUSED_VARIABLE = YES;
				IPHONEOS_DEPLOYMENT_TARGET = 11.3;
				MTL_ENABLE_DEBUG_INFO = NO;
				SDKROOT = iphoneos;
				SWIFT_COMPILATION_MODE = wholemodule;
				SWIFT_OPTIMIZATION_LEVEL = "-O";
				VALIDATE_PRODUCT = YES;
				VERSIONING_SYSTEM = "apple-generic";
				VERSION_INFO_PREFIX = "";
			};
			name = Release;
		};
		180F025C208DB1F300DF3C12 /* Debug */ = {
			isa = XCBuildConfiguration;
			buildSettings = {
				CLANG_ENABLE_MODULES = YES;
				CODE_SIGN_IDENTITY = "";
				CODE_SIGN_STYLE = Automatic;
				DEFINES_MODULE = YES;
				DYLIB_COMPATIBILITY_VERSION = 1;
				DYLIB_CURRENT_VERSION = 1;
				DYLIB_INSTALL_NAME_BASE = "@rpath";
				INFOPLIST_FILE = "$(SRCROOT)/Sources/Info.plist";
				INSTALL_PATH = "$(LOCAL_LIBRARY_DIR)/Frameworks";
				IPHONEOS_DEPLOYMENT_TARGET = 9.0;
				LD_RUNPATH_SEARCH_PATHS = (
					"$(inherited)",
					"@executable_path/Frameworks",
					"@loader_path/Frameworks",
				);
				PRODUCT_BUNDLE_IDENTIFIER = com.lp.waowang.LPInputView;
				PRODUCT_NAME = "$(TARGET_NAME:c99extidentifier)";
				SKIP_INSTALL = YES;
				SWIFT_OPTIMIZATION_LEVEL = "-Onone";
				SWIFT_VERSION = 5.0;
				TARGETED_DEVICE_FAMILY = "1,2";
			};
			name = Debug;
		};
		180F025D208DB1F300DF3C12 /* Release */ = {
			isa = XCBuildConfiguration;
			buildSettings = {
				CLANG_ENABLE_MODULES = YES;
				CODE_SIGN_IDENTITY = "";
				CODE_SIGN_STYLE = Automatic;
				DEFINES_MODULE = YES;
				DYLIB_COMPATIBILITY_VERSION = 1;
				DYLIB_CURRENT_VERSION = 1;
				DYLIB_INSTALL_NAME_BASE = "@rpath";
				INFOPLIST_FILE = "$(SRCROOT)/Sources/Info.plist";
				INSTALL_PATH = "$(LOCAL_LIBRARY_DIR)/Frameworks";
				IPHONEOS_DEPLOYMENT_TARGET = 9.0;
				LD_RUNPATH_SEARCH_PATHS = (
					"$(inherited)",
					"@executable_path/Frameworks",
					"@loader_path/Frameworks",
				);
				PRODUCT_BUNDLE_IDENTIFIER = com.lp.waowang.LPInputView;
				PRODUCT_NAME = "$(TARGET_NAME:c99extidentifier)";
				SKIP_INSTALL = YES;
				SWIFT_VERSION = 5.0;
				TARGETED_DEVICE_FAMILY = "1,2";
			};
			name = Release;
		};
/* End XCBuildConfiguration section */

/* Begin XCConfigurationList section */
		180F024D208DB1F300DF3C12 /* Build configuration list for PBXProject "LPInputView" */ = {
			isa = XCConfigurationList;
			buildConfigurations = (
				180F0259208DB1F300DF3C12 /* Debug */,
				180F025A208DB1F300DF3C12 /* Release */,
			);
			defaultConfigurationIsVisible = 0;
			defaultConfigurationName = Release;
		};
		180F025B208DB1F300DF3C12 /* Build configuration list for PBXNativeTarget "LPInputView" */ = {
			isa = XCConfigurationList;
			buildConfigurations = (
				180F025C208DB1F300DF3C12 /* Debug */,
				180F025D208DB1F300DF3C12 /* Release */,
			);
			defaultConfigurationIsVisible = 0;
			defaultConfigurationName = Release;
		};
/* End XCConfigurationList section */
	};
	rootObject = 180F024A208DB1F300DF3C12 /* Project object */;
}
